
Microsoft Visual Studio Solution File, Format Version 12.00
# Visual Studio Version 16
VisualStudioVersion = 16.0.32413.511
MinimumVisualStudioVersion = 10.0.40219.1
Project("{FAE04EC0-301F-11D3-BF4B-00C04F79EFBC}") = "cinepolis_C", "cinepolis_C\cinepolis_C.csproj", "{436104B5-D15D-4E26-94B6-3B0EA805BCBF}"
EndProject
Global
	GlobalSection(SolutionConfigurationPlatforms) = preSolution
		Debug|Any CPU = Debug|Any CPU
		Release|Any CPU = Release|Any CPU
	EndGlobalSection
	GlobalSection(ProjectConfigurationPlatforms) = postSolution
		{436104B5-D15D-4E26-94B6-3B0EA805BCBF}.Debug|Any CPU.ActiveCfg = Debug|Any CPU
		{436104B5-D15D-4E26-94B6-3B0EA805BCBF}.Debug|Any CPU.Build.0 = Debug|Any CPU
		{436104B5-D15D-4E26-94B6-3B0EA805BCBF}.Release|Any CPU.ActiveCfg = Release|Any CPU
		{436104B5-D15D-4E26-94B6-3B0EA805BCBF}.Release|Any CPU.Build.0 = Release|Any CPU
	EndGlobalSection
	GlobalSection(SolutionProperties) = preSolution
		HideSolutionNode = FALSE
	EndGlobalSection
	GlobalSection(ExtensibilityGlobals) = postSolution
		SolutionGuid = {A5411AB0-E6AA-4B0A-947B-C7891BB75083}
	EndGlobalSection
EndGlobal
